// !$*UTF8*$!
{
	archiveVersion = 1;
	classes = {
	};
	objectVersion = 46;
	objects = {

/* Begin PBXBuildFile section */
		4A4BA6341ABFDE74001AD93D /* RecordedAudio.swift in Sources */ = {isa = PBXBuildFile; fileRef = 4A4BA6331ABFDE74001AD93D /* RecordedAudio.swift */; };
		4A5976071AB1663B0063FA5A /* AppDelegate.swift in Sources */ = {isa = PBXBuildFile; fileRef = 4A5976061AB1663B0063FA5A /* AppDelegate.swift */; };
		4A5976091AB1663B0063FA5A /* RecordSoundsViewController.swift in Sources */ = {isa = PBXBuildFile; fileRef = 4A5976081AB1663B0063FA5A /* RecordSoundsViewController.swift */; };
		4A59760C1AB1663B0063FA5A /* Main.storyboard in Resources */ = {isa = PBXBuildFile; fileRef = 4A59760A1AB1663B0063FA5A /* Main.storyboard */; };
		4A59760E1AB1663B0063FA5A /* Images.xcassets in Resources */ = {isa = PBXBuildFile; fileRef = 4A59760D1AB1663B0063FA5A /* Images.xcassets */; };
		4A5976111AB1663B0063FA5A /* LaunchScreen.xib in Resources */ = {isa = PBXBuildFile; fileRef = 4A59760F1AB1663B0063FA5A /* LaunchScreen.xib */; };
		4A59761D1AB1663B0063FA5A /* Pitch_PerfectTests.swift in Sources */ = {isa = PBXBuildFile; fileRef = 4A59761C1AB1663B0063FA5A /* Pitch_PerfectTests.swift */; };
		4AA7C2B51ABA8E08002A9203 /* playSoundsViewController.swift in Sources */ = {isa = PBXBuildFile; fileRef = 4AA7C2B41ABA8E08002A9203 /* playSoundsViewController.swift */; };
		4AA7C2B71ABA9DB1002A9203 /* movie_quote.mp3 in Resources */ = {isa = PBXBuildFile; fileRef = 4AA7C2B61ABA9DB1002A9203 /* movie_quote.mp3 */; };
/* End PBXBuildFile section */

/* Begin PBXContainerItemProxy section */
		4A5976171AB1663B0063FA5A /* PBXContainerItemProxy */ = {
			isa = PBXContainerItemProxy;
			containerPortal = 4A5975F91AB1663B0063FA5A /* Project object */;
			proxyType = 1;
			remoteGlobalIDString = 4A5976001AB1663B0063FA5A;
			remoteInfo = "Pitch-Perfect";
		};
/* End PBXContainerItemProxy section */

/* Begin PBXFileReference section */
		4A4BA6331ABFDE74001AD93D /* RecordedAudio.swift */ = {isa = PBXFileReference; fileEncoding = 4; lastKnownFileType = sourcecode.swift; path = RecordedAudio.swift; sourceTree = "<group>"; };
		4A5976011AB1663B0063FA5A /* Pitch-Perfect.app */ = {isa = PBXFileReference; explicitFileType = wrapper.application; includeInIndex = 0; path = "Pitch-Perfect.app"; sourceTree = BUILT_PRODUCTS_DIR; };
		4A5976051AB1663B0063FA5A /* Info.plist */ = {isa = PBXFileReference; lastKnownFileType = text.plist.xml; path = Info.plist; sourceTree = "<group>"; };
		4A5976061AB1663B0063FA5A /* AppDelegate.swift */ = {isa = PBXFileReference; lastKnownFileType = sourcecode.swift; path = AppDelegate.swift; sourceTree = "<group>"; };
		4A5976081AB1663B0063FA5A /* RecordSoundsViewController.swift */ = {isa = PBXFileReference; lastKnownFileType = sourcecode.swift; path = RecordSoundsViewController.swift; sourceTree = "<group>"; };
		4A59760B1AB1663B0063FA5A /* Base */ = {isa = PBXFileReference; lastKnownFileType = file.storyboard; name = Base; path = Base.lproj/Main.storyboard; sourceTree = "<group>"; };
		4A59760D1AB1663B0063FA5A /* Images.xcassets */ = {isa = PBXFileReference; lastKnownFileType = folder.assetcatalog; path = Images.xcassets; sourceTree = "<group>"; };
		4A5976101AB1663B0063FA5A /* Base */ = {isa = PBXFileReference; lastKnownFileType = file.xib; name = Base; path = Base.lproj/LaunchScreen.xib; sourceTree = "<group>"; };
		4A5976161AB1663B0063FA5A /* Pitch-PerfectTests.xctest */ = {isa = PBXFileReference; explicitFileType = wrapper.cfbundle; includeInIndex = 0; path = "Pitch-PerfectTests.xctest"; sourceTree = BUILT_PRODUCTS_DIR; };
		4A59761B1AB1663B0063FA5A /* Info.plist */ = {isa = PBXFileReference; lastKnownFileType = text.plist.xml; path = Info.plist; sourceTree = "<group>"; };
		4A59761C1AB1663B0063FA5A /* Pitch_PerfectTests.swift */ = {isa = PBXFileReference; lastKnownFileType = sourcecode.swift; path = Pitch_PerfectTests.swift; sourceTree = "<group>"; };
		4AA7C2B41ABA8E08002A9203 /* playSoundsViewController.swift */ = {isa = PBXFileReference; fileEncoding = 4; lastKnownFileType = sourcecode.swift; path = playSoundsViewController.swift; sourceTree = "<group>"; };
		4AA7C2B61ABA9DB1002A9203 /* movie_quote.mp3 */ = {isa = PBXFileReference; lastKnownFileType = audio.mp3; path = movie_quote.mp3; sourceTree = "<group>"; };
/* End PBXFileReference section */

/* Begin PBXFrameworksBuildPhase section */
		4A5975FE1AB1663B0063FA5A /* Frameworks */ = {
			isa = PBXFrameworksBuildPhase;
			buildActionMask = 2147483647;
			files = (
			);
			runOnlyForDeploymentPostprocessing = 0;
		};
		4A5976131AB1663B0063FA5A /* Frameworks */ = {
			isa = PBXFrameworksBuildPhase;
			buildActionMask = 2147483647;
			files = (
			);
			runOnlyForDeploymentPostprocessing = 0;
		};
/* End PBXFrameworksBuildPhase section */

/* Begin PBXGroup section */
		4A5975F81AB1663B0063FA5A = {
			isa = PBXGroup;
			children = (
				4A5976031AB1663B0063FA5A /* Pitch-Perfect */,
				4A5976191AB1663B0063FA5A /* Pitch-PerfectTests */,
				4A5976021AB1663B0063FA5A /* Products */,
			);
			sourceTree = "<group>";
		};
		4A5976021AB1663B0063FA5A /* Products */ = {
			isa = PBXGroup;
			children = (
				4A5976011AB1663B0063FA5A /* Pitch-Perfect.app */,
				4A5976161AB1663B0063FA5A /* Pitch-PerfectTests.xctest */,
			);
			name = Products;
			sourceTree = "<group>";
		};
		4A5976031AB1663B0063FA5A /* Pitch-Perfect */ = {
			isa = PBXGroup;
			children = (
				4A5976061AB1663B0063FA5A /* AppDelegate.swift */,
				4A5976081AB1663B0063FA5A /* RecordSoundsViewController.swift */,
				4A4BA6331ABFDE74001AD93D /* RecordedAudio.swift */,
				4A59760A1AB1663B0063FA5A /* Main.storyboard */,
				4AA7C2B41ABA8E08002A9203 /* playSoundsViewController.swift */,
				4A59760D1AB1663B0063FA5A /* Images.xcassets */,
				4A59760F1AB1663B0063FA5A /* LaunchScreen.xib */,
				4A5976041AB1663B0063FA5A /* Supporting Files */,
			);
			path = "Pitch-Perfect";
			sourceTree = "<group>";
		};
		4A5976041AB1663B0063FA5A /* Supporting Files */ = {
			isa = PBXGroup;
			children = (
				4AA7C2B61ABA9DB1002A9203 /* movie_quote.mp3 */,
				4A5976051AB1663B0063FA5A /* Info.plist */,
			);
			name = "Supporting Files";
			sourceTree = "<group>";
		};
		4A5976191AB1663B0063FA5A /* Pitch-PerfectTests */ = {
			isa = PBXGroup;
			children = (
				4A59761C1AB1663B0063FA5A /* Pitch_PerfectTests.swift */,
				4A59761A1AB1663B0063FA5A /* Supporting Files */,
			);
			path = "Pitch-PerfectTests";
			sourceTree = "<group>";
		};
		4A59761A1AB1663B0063FA5A /* Supporting Files */ = {
			isa = PBXGroup;
			children = (
				4A59761B1AB1663B0063FA5A /* Info.plist */,
			);
			name = "Supporting Files";
			sourceTree = "<group>";
		};
/* End PBXGroup section */

/* Begin PBXNativeTarget section */
		4A5976001AB1663B0063FA5A /* Pitch-Perfect */ = {
			isa = PBXNativeTarget;
			buildConfigurationList = 4A5976201AB1663B0063FA5A /* Build configuration list for PBXNativeTarget "Pitch-Perfect" */;
			buildPhases = (
				4A5975FD1AB1663B0063FA5A /* Sources */,
				4A5975FE1AB1663B0063FA5A /* Frameworks */,
				4A5975FF1AB1663B0063FA5A /* Resources */,
			);
			buildRules = (
			);
			dependencies = (
			);
			name = "Pitch-Perfect";
			productName = "Pitch-Perfect";
			productReference = 4A5976011AB1663B0063FA5A /* Pitch-Perfect.app */;
			productType = "com.apple.product-type.application";
		};
		4A5976151AB1663B0063FA5A /* Pitch-PerfectTests */ = {
			isa = PBXNativeTarget;
			buildConfigurationList = 4A5976231AB1663B0063FA5A /* Build configuration list for PBXNativeTarget "Pitch-PerfectTests" */;
			buildPhases = (
				4A5976121AB1663B0063FA5A /* Sources */,
				4A5976131AB1663B0063FA5A /* Frameworks */,
				4A5976141AB1663B0063FA5A /* Resources */,
			);
			buildRules = (
			);
			dependencies = (
				4A5976181AB1663B0063FA5A /* PBXTargetDependency */,
			);
			name = "Pitch-PerfectTests";
			productName = "Pitch-PerfectTests";
			productReference = 4A5976161AB1663B0063FA5A /* Pitch-PerfectTests.xctest */;
			productType = "com.apple.product-type.bundle.unit-test";
		};
/* End PBXNativeTarget section */

/* Begin PBXProject section */
		4A5975F91AB1663B0063FA5A /* Project object */ = {
			isa = PBXProject;
			attributes = {
				LastUpgradeCheck = 0610;
				ORGANIZATIONNAME = "Derrick Price";
				TargetAttributes = {
					4A5976001AB1663B0063FA5A = {
						CreatedOnToolsVersion = 6.1.1;
					};
					4A5976151AB1663B0063FA5A = {
						CreatedOnToolsVersion = 6.1.1;
						TestTargetID = 4A5976001AB1663B0063FA5A;
					};
				};
			};
			buildConfigurationList = 4A5975FC1AB1663B0063FA5A /* Build configuration list for PBXProject "Pitch-Perfect" */;
			compatibilityVersion = "Xcode 3.2";
			developmentRegion = English;
			hasScannedForEncodings = 0;
			knownRegions = (
				en,
				Base,
			);
			mainGroup = 4A5975F81AB1663B0063FA5A;
			productRefGroup = 4A5976021AB1663B0063FA5A /* Products */;
			projectDirPath = "";
			projectRoot = "";
			targets = (
				4A5976001AB1663B0063FA5A /* Pitch-Perfect */,
				4A5976151AB1663B0063FA5A /* Pitch-PerfectTests */,
			);
		};
/* End PBXProject section */

/* Begin PBXResourcesBuildPhase section */
		4A5975FF1AB1663B0063FA5A /* Resources */ = {
			isa = PBXResourcesBuildPhase;
			buildActionMask = 2147483647;
			files = (
				4A59760C1AB1663B0063FA5A /* Main.storyboard in Resources */,
				4A5976111AB1663B0063FA5A /* LaunchScreen.xib in Resources */,
				4AA7C2B71ABA9DB1002A9203 /* movie_quote.mp3 in Resources */,
				4A59760E1AB1663B0063FA5A /* Images.xcassets in Resources */,
			);
			runOnlyForDeploymentPostprocessing = 0;
		};
		4A5976141AB1663B0063FA5A /* Resources */ = {
			isa = PBXResourcesBuildPhase;
			buildActionMask = 2147483647;
			files = (
			);
			runOnlyForDeploymentPostprocessing = 0;
		};
/* End PBXResourcesBuildPhase section */

/* Begin PBXSourcesBuildPhase section */
		4A5975FD1AB1663B0063FA5A /* Sources */ = {
			isa = PBXSourcesBuildPhase;
			buildActionMask = 2147483647;
			files = (
				4A4BA6341ABFDE74001AD93D /* RecordedAudio.swift in Sources */,
				4AA7C2B51ABA8E08002A9203 /* playSoundsViewController.swift in Sources */,
				4A5976091AB1663B0063FA5A /* RecordSoundsViewController.swift in Sources */,
				4A5976071AB1663B0063FA5A /* AppDelegate.swift in Sources */,
			);
			runOnlyForDeploymentPostprocessing = 0;
		};
		4A5976121AB1663B0063FA5A /* Sources */ = {
			isa = PBXSourcesBuildPhase;
			buildActionMask = 2147483647;
			files = (
				4A59761D1AB1663B0063FA5A /* Pitch_PerfectTests.swift in Sources */,
			);
			runOnlyForDeploymentPostprocessing = 0;
		};
/* End PBXSourcesBuildPhase section */

/* Begin PBXTargetDependency section */
		4A5976181AB1663B0063FA5A /* PBXTargetDependency */ = {
			isa = PBXTargetDependency;
			target = 4A5976001AB1663B0063FA5A /* Pitch-Perfect */;
			targetProxy = 4A5976171AB1663B0063FA5A /* PBXContainerItemProxy */;
		};
/* End PBXTargetDependency section */

/* Begin PBXVariantGroup section */
		4A59760A1AB1663B0063FA5A /* Main.storyboard */ = {
			isa = PBXVariantGroup;
			children = (
				4A59760B1AB1663B0063FA5A /* Base */,
			);
			name = Main.storyboard;
			sourceTree = "<group>";
		};
		4A59760F1AB1663B0063FA5A /* LaunchScreen.xib */ = {
			isa = PBXVariantGroup;
			children = (
				4A5976101AB1663B0063FA5A /* Base */,
			);
			name = LaunchScreen.xib;
			sourceTree = "<group>";
		};
/* End PBXVariantGroup section */

/* Begin XCBuildConfiguration section */
		4A59761E1AB1663B0063FA5A /* Debug */ = {
			isa = XCBuildConfiguration;
			buildSettings = {
				ALWAYS_SEARCH_USER_PATHS = NO;
				CLANG_CXX_LANGUAGE_STANDARD = "gnu++0x";
				CLANG_CXX_LIBRARY = "libc++";
				CLANG_ENABLE_MODULES = YES;
				CLANG_ENABLE_OBJC_ARC = YES;
				CLANG_WARN_BOOL_CONVERSION = YES;
				CLANG_WARN_CONSTANT_CONVERSION = YES;
				CLANG_WARN_DIRECT_OBJC_ISA_USAGE = YES_ERROR;
				CLANG_WARN_EMPTY_BODY = YES;
				CLANG_WARN_ENUM_CONVERSION = YES;
				CLANG_WARN_INT_CONVERSION = YES;
				CLANG_WARN_OBJC_ROOT_CLASS = YES_ERROR;
				CLANG_WARN_UNREACHABLE_CODE = YES;
				CLANG_WARN__DUPLICATE_METHOD_MATCH = YES;
				"CODE_SIGN_IDENTITY[sdk=iphoneos*]" = "iPhone Developer";
				COPY_PHASE_STRIP = NO;
				ENABLE_STRICT_OBJC_MSGSEND = YES;
				GCC_C_LANGUAGE_STANDARD = gnu99;
				GCC_DYNAMIC_NO_PIC = NO;
				GCC_OPTIMIZATION_LEVEL = 0;
				GCC_PREPROCESSOR_DEFINITIONS = (
					"DEBUG=1",
					"$(inherited)",
				);
				GCC_SYMBOLS_PRIVATE_EXTERN = NO;
				GCC_WARN_64_TO_32_BIT_CONVERSION = YES;
				GCC_WARN_ABOUT_RETURN_TYPE = YES_ERROR;
				GCC_WARN_UNDECLARED_SELECTOR = YES;
				GCC_WARN_UNINITIALIZED_AUTOS = YES_AGGRESSIVE;
				GCC_WARN_UNUSED_FUNCTION = YES;
				GCC_WARN_UNUSED_VARIABLE = YES;
				IPHONEOS_DEPLOYMENT_TARGET = 8.1;
				MTL_ENABLE_DEBUG_INFO = YES;
				ONLY_ACTIVE_ARCH = YES;
				SDKROOT = iphoneos;
				SWIFT_OPTIMIZATION_LEVEL = "-Onone";
			};
			name = Debug;
		};
		4A59761F1AB1663B0063FA5A /* Release */ = {
			isa = XCBuildConfiguration;
			buildSettings = {
				ALWAYS_SEARCH_USER_PATHS = NO;
				CLANG_CXX_LANGUAGE_STANDARD = "gnu++0x";
				CLANG_CXX_LIBRARY = "libc++";
				CLANG_ENABLE_MODULES = YES;
				CLANG_ENABLE_OBJC_ARC = YES;
				CLANG_WARN_BOOL_CONVERSION = YES;
				CLANG_WARN_CONSTANT_CONVERSION = YES;
				CLANG_WARN_DIRECT_OBJC_ISA_USAGE = YES_ERROR;
				CLANG_WARN_EMPTY_BODY = YES;
				CLANG_WARN_ENUM_CONVERSION = YES;
				CLANG_WARN_INT_CONVERSION = YES;
				CLANG_WARN_OBJC_ROOT_CLASS = YES_ERROR;
				CLANG_WARN_UNREACHABLE_CODE = YES;
				CLANG_WARN__DUPLICATE_METHOD_MATCH = YES;
				"CODE_SIGN_IDENTITY[sdk=iphoneos*]" = "iPhone Developer";
				COPY_PHASE_STRIP = YES;
				ENABLE_NS_ASSERTIONS = NO;
				ENABLE_STRICT_OBJC_MSGSEND = YES;
				GCC_C_LANGUAGE_STANDARD = gnu99;
				GCC_WARN_64_TO_32_BIT_CONVERSION = YES;
				GCC_WARN_ABOUT_RETURN_TYPE = YES_ERROR;
				GCC_WARN_UNDECLARED_SELECTOR = YES;
				GCC_WARN_UNINITIALIZED_AUTOS = YES_AGGRESSIVE;
				GCC_WARN_UNUSED_FUNCTION = YES;
				GCC_WARN_UNUSED_VARIABLE = YES;
				IPHONEOS_DEPLOYMENT_TARGET = 8.1;
				MTL_ENABLE_DEBUG_INFO = NO;
				SDKROOT = iphoneos;
				VALIDATE_PRODUCT = YES;
			};
			name = Release;
		};
		4A5976211AB1663B0063FA5A /* Debug */ = {
			isa = XCBuildConfiguration;
			buildSettings = {
				ASSETCATALOG_COMPILER_APPICON_NAME = AppIcon;
				INFOPLIST_FILE = "Pitch-Perfect/Info.plist";
				LD_RUNPATH_SEARCH_PATHS = "$(inherited) @executable_path/Frameworks";
				PRODUCT_NAME = "$(TARGET_NAME)";
			};
			name = Debug;
		};
		4A5976221AB1663B0063FA5A /* Release */ = {
			isa = XCBuildConfiguration;
			buildSettings = {
				ASSETCATALOG_COMPILER_APPICON_NAME = AppIcon;
				INFOPLIST_FILE = "Pitch-Perfect/Info.plist";
				LD_RUNPATH_SEARCH_PATHS = "$(inherited) @executable_path/Frameworks";
				PRODUCT_NAME = "$(TARGET_NAME)";
			};
			name = Release;
		};
		4A5976241AB1663B0063FA5A /* Debug */ = {
			isa = XCBuildConfiguration;
			buildSettings = {
				BUNDLE_LOADER = "$(TEST_HOST)";
				FRAMEWORK_SEARCH_PATHS = (
					"$(SDKROOT)/Developer/Library/Frameworks",
					"$(inherited)",
				);
				GCC_PREPROCESSOR_DEFINITIONS = (
					"DEBUG=1",
					"$(inherited)",
				);
				INFOPLIST_FILE = "Pitch-PerfectTests/Info.plist";
				LD_RUNPATH_SEARCH_PATHS = "$(inherited) @executable_path/Frameworks @loader_path/Frameworks";
				PRODUCT_NAME = "$(TARGET_NAME)";
				TEST_HOST = "$(BUILT_PRODUCTS_DIR)/Pitch-Perfect.app/Pitch-Perfect";
			};
			name = Debug;
		};
		4A5976251AB1663B0063FA5A /* Release */ = {
			isa = XCBuildConfiguration;
			buildSettings = {
				BUNDLE_LOADER = "$(TEST_HOST)";
				FRAMEWORK_SEARCH_PATHS = (
					"$(SDKROOT)/Developer/Library/Frameworks",
					"$(inherited)",
				);
				INFOPLIST_FILE = "Pitch-PerfectTests/Info.plist";
				LD_RUNPATH_SEARCH_PATHS = "$(inherited) @executable_path/Frameworks @loader_path/Frameworks";
				PRODUCT_NAME = "$(TARGET_NAME)";
				TEST_HOST = "$(BUILT_PRODUCTS_DIR)/Pitch-Perfect.app/Pitch-Perfect";
			};
			name = Release;
		};
/* End XCBuildConfiguration section */

/* Begin XCConfigurationList section */
		4A5975FC1AB1663B0063FA5A /* Build configuration list for PBXProject "Pitch-Perfect" */ = {
			isa = XCConfigurationList;
			buildConfigurations = (
				4A59761E1AB1663B0063FA5A /* Debug */,
				4A59761F1AB1663B0063FA5A /* Release */,
			);
			defaultConfigurationIsVisible = 0;
			defaultConfigurationName = Release;
		};
		4A5976201AB1663B0063FA5A /* Build configuration list for PBXNativeTarget "Pitch-Perfect" */ = {
			isa = XCConfigurationList;
			buildConfigurations = (
				4A5976211AB1663B0063FA5A /* Debug */,
				4A5976221AB1663B0063FA5A /* Release */,
			);
			defaultConfigurationIsVisible = 0;
			defaultConfigurationName = Release;
		};
		4A5976231AB1663B0063FA5A /* Build configuration list for PBXNativeTarget "Pitch-PerfectTests" */ = {
			isa = XCConfigurationList;
			buildConfigurations = (
				4A5976241AB1663B0063FA5A /* Debug */,
				4A5976251AB1663B0063FA5A /* Release */,
			);
			defaultConfigurationIsVisible = 0;
			defaultConfigurationName = Release;
		};
/* End XCConfigurationList section */
	};
	rootObject = 4A5975F91AB1663B0063FA5A /* Project object */;
}
